
Microsoft Visual Studio Solution File, Format Version 12.00
# Visual Studio Version 17
VisualStudioVersion = 17.13.35806.99 d17.13
MinimumVisualStudioVersion = 10.0.40219.1
Project("{FAE04EC0-301F-11D3-BF4B-00C04F79EFBC}") = "BookManagement.API", "BookManagement.API\BookManagement.API.csproj", "{CAA27766-ABE2-4475-8B6C-5DE645C90645}"
EndProject
Project("{FAE04EC0-301F-11D3-BF4B-00C04F79EFBC}") = "BookManagement.Core", "BookManagement.Core\BookManagement.Core.csproj", "{9FB18DF5-7C7D-4899-9E7D-613D558CFE1C}"
EndProject
Project("{FAE04EC0-301F-11D3-BF4B-00C04F79EFBC}") = "BookManagement.Infrastructure", "BookManagement.Infrastructure\BookManagement.Infrastructure.csproj", "{533C4D9C-30B2-4470-A76D-C8569E26F524}"
EndProject
Global
	GlobalSection(SolutionConfigurationPlatforms) = preSolution
		Debug|Any CPU = Debug|Any CPU
		Release|Any CPU = Release|Any CPU
	EndGlobalSection
	GlobalSection(ProjectConfigurationPlatforms) = postSolution
		{CAA27766-ABE2-4475-8B6C-5DE645C90645}.Debug|Any CPU.ActiveCfg = Debug|Any CPU
		{CAA27766-ABE2-4475-8B6C-5DE645C90645}.Debug|Any CPU.Build.0 = Debug|Any CPU
		{CAA27766-ABE2-4475-8B6C-5DE645C90645}.Release|Any CPU.ActiveCfg = Release|Any CPU
		{CAA27766-ABE2-4475-8B6C-5DE645C90645}.Release|Any CPU.Build.0 = Release|Any CPU
		{9FB18DF5-7C7D-4899-9E7D-613D558CFE1C}.Debug|Any CPU.ActiveCfg = Debug|Any CPU
		{9FB18DF5-7C7D-4899-9E7D-613D558CFE1C}.Debug|Any CPU.Build.0 = Debug|Any CPU
		{9FB18DF5-7C7D-4899-9E7D-613D558CFE1C}.Release|Any CPU.ActiveCfg = Release|Any CPU
		{9FB18DF5-7C7D-4899-9E7D-613D558CFE1C}.Release|Any CPU.Build.0 = Release|Any CPU
		{533C4D9C-30B2-4470-A76D-C8569E26F524}.Debug|Any CPU.ActiveCfg = Debug|Any CPU
		{533C4D9C-30B2-4470-A76D-C8569E26F524}.Debug|Any CPU.Build.0 = Debug|Any CPU
		{533C4D9C-30B2-4470-A76D-C8569E26F524}.Release|Any CPU.ActiveCfg = Release|Any CPU
		{533C4D9C-30B2-4470-A76D-C8569E26F524}.Release|Any CPU.Build.0 = Release|Any CPU
	EndGlobalSection
	GlobalSection(SolutionProperties) = preSolution
		HideSolutionNode = FALSE
	EndGlobalSection
	GlobalSection(ExtensibilityGlobals) = postSolution
		SolutionGuid = {9B4FF219-A8DD-4317-B251-A170E8F8CACC}
	EndGlobalSection
EndGlobal
